
Microsoft Visual Studio Solution File, Format Version 12.00
# Visual Studio Version 16
VisualStudioVersion = 16.0.30523.141
MinimumVisualStudioVersion = 10.0.40219.1
Project("{FAE04EC0-301F-11D3-BF4B-00C04F79EFBC}") = "Assignment 1", "Assignment 1.csproj", "{6FF1BA76-CF2A-468E-B28B-FAD621C86850}"
EndProject
Global
	GlobalSection(SolutionConfigurationPlatforms) = preSolution
		Debug|Any CPU = Debug|Any CPU
		Release|Any CPU = Release|Any CPU
	EndGlobalSection
	GlobalSection(ProjectConfigurationPlatforms) = postSolution
		{6FF1BA76-CF2A-468E-B28B-FAD621C86850}.Debug|Any CPU.ActiveCfg = Debug|Any CPU
		{6FF1BA76-CF2A-468E-B28B-FAD621C86850}.Debug|Any CPU.Build.0 = Debug|Any CPU
		{6FF1BA76-CF2A-468E-B28B-FAD621C86850}.Release|Any CPU.ActiveCfg = Release|Any CPU
		{6FF1BA76-CF2A-468E-B28B-FAD621C86850}.Release|Any CPU.Build.0 = Release|Any CPU
	EndGlobalSection
	GlobalSection(SolutionProperties) = preSolution
		HideSolutionNode = FALSE
	EndGlobalSection
	GlobalSection(ExtensibilityGlobals) = postSolution
		SolutionGuid = {F679EFE4-0AC5-44E4-B821-F7C6F3D620B4}
	EndGlobalSection
EndGlobal
